
Microsoft Visual Studio Solution File, Format Version 12.00
# Visual Studio Version 17
VisualStudioVersion = 17.4.33122.133
MinimumVisualStudioVersion = 10.0.40219.1
Project("{FAE04EC0-301F-11D3-BF4B-00C04F79EFBC}") = "SimpleDLock", "SimpleDLock\SimpleDLock.csproj", "{333E2055-C5C1-4865-926E-6969D8859F84}"
EndProject
Global
	GlobalSection(SolutionConfigurationPlatforms) = preSolution
		Debug|Any CPU = Debug|Any CPU
		Release|Any CPU = Release|Any CPU
	EndGlobalSection
	GlobalSection(ProjectConfigurationPlatforms) = postSolution
		{333E2055-C5C1-4865-926E-6969D8859F84}.Debug|Any CPU.ActiveCfg = Debug|Any CPU
		{333E2055-C5C1-4865-926E-6969D8859F84}.Debug|Any CPU.Build.0 = Debug|Any CPU
		{333E2055-C5C1-4865-926E-6969D8859F84}.Release|Any CPU.ActiveCfg = Release|Any CPU
		{333E2055-C5C1-4865-926E-6969D8859F84}.Release|Any CPU.Build.0 = Release|Any CPU
	EndGlobalSection
	GlobalSection(SolutionProperties) = preSolution
		HideSolutionNode = FALSE
	EndGlobalSection
	GlobalSection(ExtensibilityGlobals) = postSolution
		SolutionGuid = {EEDC9681-7FBA-4FCE-ACEA-7937C0DD0C07}
	EndGlobalSection
EndGlobal
