
Microsoft Visual Studio Solution File, Format Version 12.00
# Visual Studio Version 17
VisualStudioVersion = 17.4.33122.133
MinimumVisualStudioVersion = 10.0.40219.1
Project("{9A19103F-16F7-4668-BE54-9A1E7A4F7556}") = "SimpleDLock", "SimpleDLock\SimpleDLock.csproj", "{333E2055-C5C1-4865-926E-6969D8859F84}"
EndProject
Project("{9A19103F-16F7-4668-BE54-9A1E7A4F7556}") = "SimpleDLock.Core", "SimpleDLock.Core\SimpleDLock.Core.csproj", "{3EC7D856-E5D3-4468-B069-20270B519608}"
EndProject
Project("{FAE04EC0-301F-11D3-BF4B-00C04F79EFBC}") = "SimpleDLock.RedisHandsOn", "SimpleDLock.RedisHandsOn\SimpleDLock.RedisHandsOn.csproj", "{0171CF88-B618-48A9-93F0-48E04BD9AA6C}"
EndProject
Global
	GlobalSection(SolutionConfigurationPlatforms) = preSolution
		Debug|Any CPU = Debug|Any CPU
		Release|Any CPU = Release|Any CPU
	EndGlobalSection
	GlobalSection(ProjectConfigurationPlatforms) = postSolution
		{333E2055-C5C1-4865-926E-6969D8859F84}.Debug|Any CPU.ActiveCfg = Debug|Any CPU
		{333E2055-C5C1-4865-926E-6969D8859F84}.Debug|Any CPU.Build.0 = Debug|Any CPU
		{333E2055-C5C1-4865-926E-6969D8859F84}.Release|Any CPU.ActiveCfg = Release|Any CPU
		{333E2055-C5C1-4865-926E-6969D8859F84}.Release|Any CPU.Build.0 = Release|Any CPU
		{3EC7D856-E5D3-4468-B069-20270B519608}.Debug|Any CPU.ActiveCfg = Debug|Any CPU
		{3EC7D856-E5D3-4468-B069-20270B519608}.Debug|Any CPU.Build.0 = Debug|Any CPU
		{3EC7D856-E5D3-4468-B069-20270B519608}.Release|Any CPU.ActiveCfg = Release|Any CPU
		{3EC7D856-E5D3-4468-B069-20270B519608}.Release|Any CPU.Build.0 = Release|Any CPU
		{0171CF88-B618-48A9-93F0-48E04BD9AA6C}.Debug|Any CPU.ActiveCfg = Debug|Any CPU
		{0171CF88-B618-48A9-93F0-48E04BD9AA6C}.Debug|Any CPU.Build.0 = Debug|Any CPU
		{0171CF88-B618-48A9-93F0-48E04BD9AA6C}.Release|Any CPU.ActiveCfg = Release|Any CPU
		{0171CF88-B618-48A9-93F0-48E04BD9AA6C}.Release|Any CPU.Build.0 = Release|Any CPU
	EndGlobalSection
	GlobalSection(SolutionProperties) = preSolution
		HideSolutionNode = FALSE
	EndGlobalSection
	GlobalSection(ExtensibilityGlobals) = postSolution
		SolutionGuid = {EEDC9681-7FBA-4FCE-ACEA-7937C0DD0C07}
	EndGlobalSection
EndGlobal
